// !$*UTF8*$!
{
	archiveVersion = 1;
	classes = {
	};
	objectVersion = 46;
	objects = {

/* Begin PBXBuildFile section */
		21126B2F1F151D9000CBB8B3 /* ShowMemoryViewController.swift in Sources */ = {isa = PBXBuildFile; fileRef = 21126B2E1F151D9000CBB8B3 /* ShowMemoryViewController.swift */; };
		2115376A1EF59CF90006AC64 /* CalculatorViewController.swift in Sources */ = {isa = PBXBuildFile; fileRef = 211537691EF59CF90006AC64 /* CalculatorViewController.swift */; };
		2115376C1EF5BC4F0006AC64 /* Calculator.swift in Sources */ = {isa = PBXBuildFile; fileRef = 2115376B1EF5BC4F0006AC64 /* Calculator.swift */; };
		21368BC31EF42EC800DB6096 /* StoreKit.framework in Frameworks */ = {isa = PBXBuildFile; fileRef = 21368BC21EF42EC800DB6096 /* StoreKit.framework */; };
		21368BC61EF42F4300DB6096 /* IAPHelper.swift in Sources */ = {isa = PBXBuildFile; fileRef = 21368BC51EF42F4300DB6096 /* IAPHelper.swift */; };
		21368BC81EF45B9400DB6096 /* RamanIAPHelper.swift in Sources */ = {isa = PBXBuildFile; fileRef = 21368BC71EF45B9400DB6096 /* RamanIAPHelper.swift */; };
		214414AA1CB2B3F400A1958D /* BandwidthViewController.swift in Sources */ = {isa = PBXBuildFile; fileRef = 214414A91CB2B3F400A1958D /* BandwidthViewController.swift */; };
		214414AC1CB2C0B700A1958D /* Constants.swift in Sources */ = {isa = PBXBuildFile; fileRef = 214414AB1CB2C0B700A1958D /* Constants.swift */; };
		215A7AF71CF8949F003B9F9B /* Fabric.framework in Frameworks */ = {isa = PBXBuildFile; fileRef = 215A7AF51CF8949F003B9F9B /* Fabric.framework */; };
		215A7AF81CF8949F003B9F9B /* Crashlytics.framework in Frameworks */ = {isa = PBXBuildFile; fileRef = 215A7AF61CF8949F003B9F9B /* Crashlytics.framework */; };
		215A7AFF1CF8DA6E003B9F9B /* DataCell.swift in Sources */ = {isa = PBXBuildFile; fileRef = 215A7AFE1CF8DA6E003B9F9B /* DataCell.swift */; };
		215A7B011CF9194C003B9F9B /* Theme.swift in Sources */ = {isa = PBXBuildFile; fileRef = 215A7B001CF9194C003B9F9B /* Theme.swift */; };
		215A7B031CF91D07003B9F9B /* BWCell.swift in Sources */ = {isa = PBXBuildFile; fileRef = 215A7B021CF91D07003B9F9B /* BWCell.swift */; };
		215AB9E41EF3208400555AB4 /* ThemeMode.swift in Sources */ = {isa = PBXBuildFile; fileRef = 215AB9E31EF3208400555AB4 /* ThemeMode.swift */; };
		2170FF131F19507C00CB726A /* CalculatorButton.swift in Sources */ = {isa = PBXBuildFile; fileRef = 2170FF121F19507C00CB726A /* CalculatorButton.swift */; };
		218660861EF825C700995D82 /* Memory.swift in Sources */ = {isa = PBXBuildFile; fileRef = 218660851EF825C700995D82 /* Memory.swift */; };
		21B0F0FF1CFA898D008AF124 /* Hack-Bold.ttf in Resources */ = {isa = PBXBuildFile; fileRef = 21B0F0FE1CFA898D008AF124 /* Hack-Bold.ttf */; };
		21B537BA1EF717AF00744E9A /* TooltipPopoverViewController.swift in Sources */ = {isa = PBXBuildFile; fileRef = 21B537B91EF717AF00744E9A /* TooltipPopoverViewController.swift */; };
		21BD40831E2AA7C30063E788 /* RamanStyleKit.swift in Sources */ = {isa = PBXBuildFile; fileRef = 21BD40821E2AA7C30063E788 /* RamanStyleKit.swift */; };
		21CF58561F22545800217E04 /* MemoryDisplayTableViewCell.swift in Sources */ = {isa = PBXBuildFile; fileRef = 21CF58551F22545800217E04 /* MemoryDisplayTableViewCell.swift */; };
		21DBEA441E2C59E600C8436B /* Main.storyboard in Resources */ = {isa = PBXBuildFile; fileRef = 21DBEA461E2C59E600C8436B /* Main.storyboard */; };
		21DBEA481E2C5A2E00C8436B /* Localizable.strings in Resources */ = {isa = PBXBuildFile; fileRef = 21DBEA4A1E2C5A2E00C8436B /* Localizable.strings */; };
		21F468AE1E2C6133004C56BA /* Strings+Localized.swift in Sources */ = {isa = PBXBuildFile; fileRef = 21F468AD1E2C6133004C56BA /* Strings+Localized.swift */; };
		92011AE91B0D197300611519 /* AppDelegate.swift in Sources */ = {isa = PBXBuildFile; fileRef = 92011AE81B0D197300611519 /* AppDelegate.swift */; };
		92011AF01B0D197300611519 /* Images.xcassets in Resources */ = {isa = PBXBuildFile; fileRef = 92011AEF1B0D197300611519 /* Images.xcassets */; };
		92011AF31B0D197300611519 /* LaunchScreen.xib in Resources */ = {isa = PBXBuildFile; fileRef = 92011AF11B0D197300611519 /* LaunchScreen.xib */; };
		92011B091B0D1A1600611519 /* ChangeValueViewController.swift in Sources */ = {isa = PBXBuildFile; fileRef = 92011B081B0D1A1600611519 /* ChangeValueViewController.swift */; };
		92011B0B1B0D1A3100611519 /* DisplayInfoViewController.swift in Sources */ = {isa = PBXBuildFile; fileRef = 92011B0A1B0D1A3100611519 /* DisplayInfoViewController.swift */; };
		92011B0D1B0D1A4300611519 /* ViewController.swift in Sources */ = {isa = PBXBuildFile; fileRef = 92011B0C1B0D1A4300611519 /* ViewController.swift */; };
		92011B111B0D1B9300611519 /* Raman.swift in Sources */ = {isa = PBXBuildFile; fileRef = 92011B101B0D1B9300611519 /* Raman.swift */; };
/* End PBXBuildFile section */

/* Begin PBXFileReference section */
		21126B2E1F151D9000CBB8B3 /* ShowMemoryViewController.swift */ = {isa = PBXFileReference; lastKnownFileType = sourcecode.swift; path = ShowMemoryViewController.swift; sourceTree = "<group>"; };
		211537691EF59CF90006AC64 /* CalculatorViewController.swift */ = {isa = PBXFileReference; lastKnownFileType = sourcecode.swift; path = CalculatorViewController.swift; sourceTree = "<group>"; };
		2115376B1EF5BC4F0006AC64 /* Calculator.swift */ = {isa = PBXFileReference; lastKnownFileType = sourcecode.swift; path = Calculator.swift; sourceTree = "<group>"; };
		21368BC21EF42EC800DB6096 /* StoreKit.framework */ = {isa = PBXFileReference; lastKnownFileType = wrapper.framework; name = StoreKit.framework; path = System/Library/Frameworks/StoreKit.framework; sourceTree = SDKROOT; };
		21368BC51EF42F4300DB6096 /* IAPHelper.swift */ = {isa = PBXFileReference; lastKnownFileType = sourcecode.swift; path = IAPHelper.swift; sourceTree = "<group>"; };
		21368BC71EF45B9400DB6096 /* RamanIAPHelper.swift */ = {isa = PBXFileReference; lastKnownFileType = sourcecode.swift; path = RamanIAPHelper.swift; sourceTree = "<group>"; };
		214414A91CB2B3F400A1958D /* BandwidthViewController.swift */ = {isa = PBXFileReference; fileEncoding = 4; lastKnownFileType = sourcecode.swift; path = BandwidthViewController.swift; sourceTree = "<group>"; };
		214414AB1CB2C0B700A1958D /* Constants.swift */ = {isa = PBXFileReference; fileEncoding = 4; lastKnownFileType = sourcecode.swift; path = Constants.swift; sourceTree = "<group>"; };
		215A7AF51CF8949F003B9F9B /* Fabric.framework */ = {isa = PBXFileReference; lastKnownFileType = wrapper.framework; path = Fabric.framework; sourceTree = SOURCE_ROOT; };
		215A7AF61CF8949F003B9F9B /* Crashlytics.framework */ = {isa = PBXFileReference; lastKnownFileType = wrapper.framework; path = Crashlytics.framework; sourceTree = SOURCE_ROOT; };
		215A7AFE1CF8DA6E003B9F9B /* DataCell.swift */ = {isa = PBXFileReference; fileEncoding = 4; lastKnownFileType = sourcecode.swift; path = DataCell.swift; sourceTree = "<group>"; };
		215A7B001CF9194C003B9F9B /* Theme.swift */ = {isa = PBXFileReference; fileEncoding = 4; lastKnownFileType = sourcecode.swift; path = Theme.swift; sourceTree = "<group>"; };
		215A7B021CF91D07003B9F9B /* BWCell.swift */ = {isa = PBXFileReference; fileEncoding = 4; lastKnownFileType = sourcecode.swift; path = BWCell.swift; sourceTree = "<group>"; };
		215AB9E31EF3208400555AB4 /* ThemeMode.swift */ = {isa = PBXFileReference; lastKnownFileType = sourcecode.swift; path = ThemeMode.swift; sourceTree = "<group>"; };
		2170FF121F19507C00CB726A /* CalculatorButton.swift */ = {isa = PBXFileReference; lastKnownFileType = sourcecode.swift; path = CalculatorButton.swift; sourceTree = "<group>"; };
		218660851EF825C700995D82 /* Memory.swift */ = {isa = PBXFileReference; lastKnownFileType = sourcecode.swift; path = Memory.swift; sourceTree = "<group>"; };
		21B0F0FE1CFA898D008AF124 /* Hack-Bold.ttf */ = {isa = PBXFileReference; lastKnownFileType = file; path = "Hack-Bold.ttf"; sourceTree = "<group>"; };
		21B537B91EF717AF00744E9A /* TooltipPopoverViewController.swift */ = {isa = PBXFileReference; lastKnownFileType = sourcecode.swift; path = TooltipPopoverViewController.swift; sourceTree = "<group>"; };
		21BD40821E2AA7C30063E788 /* RamanStyleKit.swift */ = {isa = PBXFileReference; fileEncoding = 4; lastKnownFileType = sourcecode.swift; path = RamanStyleKit.swift; sourceTree = "<group>"; };
		21CF58551F22545800217E04 /* MemoryDisplayTableViewCell.swift */ = {isa = PBXFileReference; lastKnownFileType = sourcecode.swift; path = MemoryDisplayTableViewCell.swift; sourceTree = "<group>"; };
		21DBEA491E2C5A2E00C8436B /* en */ = {isa = PBXFileReference; lastKnownFileType = text.plist.strings; name = en; path = en.lproj/Localizable.strings; sourceTree = "<group>"; };
		21DBEA4B1E2C5A4C00C8436B /* en */ = {isa = PBXFileReference; lastKnownFileType = file.storyboard; name = en; path = en.lproj/Main.storyboard; sourceTree = "<group>"; };
		21DBEA4C1E2C5A7900C8436B /* fr */ = {isa = PBXFileReference; lastKnownFileType = text.plist.strings; name = fr; path = fr.lproj/Localizable.strings; sourceTree = "<group>"; };
		21DBEA4D1E2C5A7900C8436B /* fr */ = {isa = PBXFileReference; lastKnownFileType = file.storyboard; name = fr; path = fr.lproj/Main.storyboard; sourceTree = "<group>"; };
		21F468AD1E2C6133004C56BA /* Strings+Localized.swift */ = {isa = PBXFileReference; fileEncoding = 4; lastKnownFileType = sourcecode.swift; path = "Strings+Localized.swift"; sourceTree = "<group>"; };
		92011AE31B0D197200611519 /* Raman.app */ = {isa = PBXFileReference; explicitFileType = wrapper.application; includeInIndex = 0; path = Raman.app; sourceTree = BUILT_PRODUCTS_DIR; };
		92011AE71B0D197300611519 /* Info.plist */ = {isa = PBXFileReference; lastKnownFileType = text.plist.xml; path = Info.plist; sourceTree = "<group>"; };
		92011AE81B0D197300611519 /* AppDelegate.swift */ = {isa = PBXFileReference; lastKnownFileType = sourcecode.swift; path = AppDelegate.swift; sourceTree = "<group>"; };
		92011AEF1B0D197300611519 /* Images.xcassets */ = {isa = PBXFileReference; lastKnownFileType = folder.assetcatalog; path = Images.xcassets; sourceTree = "<group>"; };
		92011AF21B0D197300611519 /* Base */ = {isa = PBXFileReference; lastKnownFileType = file.xib; name = Base; path = Base.lproj/LaunchScreen.xib; sourceTree = "<group>"; };
		92011B081B0D1A1600611519 /* ChangeValueViewController.swift */ = {isa = PBXFileReference; fileEncoding = 4; lastKnownFileType = sourcecode.swift; path = ChangeValueViewController.swift; sourceTree = "<group>"; };
		92011B0A1B0D1A3100611519 /* DisplayInfoViewController.swift */ = {isa = PBXFileReference; fileEncoding = 4; lastKnownFileType = sourcecode.swift; path = DisplayInfoViewController.swift; sourceTree = "<group>"; };
		92011B0C1B0D1A4300611519 /* ViewController.swift */ = {isa = PBXFileReference; fileEncoding = 4; lastKnownFileType = sourcecode.swift; path = ViewController.swift; sourceTree = "<group>"; };
		92011B101B0D1B9300611519 /* Raman.swift */ = {isa = PBXFileReference; fileEncoding = 4; lastKnownFileType = sourcecode.swift; path = Raman.swift; sourceTree = "<group>"; };
/* End PBXFileReference section */

/* Begin PBXFrameworksBuildPhase section */
		92011AE01B0D197200611519 /* Frameworks */ = {
			isa = PBXFrameworksBuildPhase;
			buildActionMask = 2147483647;
			files = (
				21368BC31EF42EC800DB6096 /* StoreKit.framework in Frameworks */,
				215A7AF81CF8949F003B9F9B /* Crashlytics.framework in Frameworks */,
				215A7AF71CF8949F003B9F9B /* Fabric.framework in Frameworks */,
			);
			runOnlyForDeploymentPostprocessing = 0;
		};
/* End PBXFrameworksBuildPhase section */

/* Begin PBXGroup section */
		21368BC11EF42EC800DB6096 /* Frameworks */ = {
			isa = PBXGroup;
			children = (
				21368BC21EF42EC800DB6096 /* StoreKit.framework */,
			);
			name = Frameworks;
			sourceTree = "<group>";
		};
		21368BC41EF42EE800DB6096 /* IAP */ = {
			isa = PBXGroup;
			children = (
				21368BC51EF42F4300DB6096 /* IAPHelper.swift */,
				21368BC71EF45B9400DB6096 /* RamanIAPHelper.swift */,
			);
			path = IAP;
			sourceTree = "<group>";
		};
		215A7AFA1CF8BF9B003B9F9B /* Model */ = {
			isa = PBXGroup;
			children = (
				92011B101B0D1B9300611519 /* Raman.swift */,
				214414AB1CB2C0B700A1958D /* Constants.swift */,
				2115376B1EF5BC4F0006AC64 /* Calculator.swift */,
				218660851EF825C700995D82 /* Memory.swift */,
			);
			name = Model;
			sourceTree = "<group>";
		};
		215A7AFB1CF8D91A003B9F9B /* VC */ = {
			isa = PBXGroup;
			children = (
				92011B0C1B0D1A4300611519 /* ViewController.swift */,
				214414A91CB2B3F400A1958D /* BandwidthViewController.swift */,
				92011B0A1B0D1A3100611519 /* DisplayInfoViewController.swift */,
				92011B081B0D1A1600611519 /* ChangeValueViewController.swift */,
				211537691EF59CF90006AC64 /* CalculatorViewController.swift */,
				21B537B91EF717AF00744E9A /* TooltipPopoverViewController.swift */,
				21126B2E1F151D9000CBB8B3 /* ShowMemoryViewController.swift */,
			);
			name = VC;
			sourceTree = "<group>";
		};
		215A7AFC1CF8D94F003B9F9B /* View */ = {
			isa = PBXGroup;
			children = (
				92011AF11B0D197300611519 /* LaunchScreen.xib */,
				21DBEA461E2C59E600C8436B /* Main.storyboard */,
				2170FF121F19507C00CB726A /* CalculatorButton.swift */,
				21CF58551F22545800217E04 /* MemoryDisplayTableViewCell.swift */,
			);
			name = View;
			sourceTree = "<group>";
		};
		215A7AFD1CF8D993003B9F9B /* UI */ = {
			isa = PBXGroup;
			children = (
				21BD40821E2AA7C30063E788 /* RamanStyleKit.swift */,
				21B0F0FE1CFA898D008AF124 /* Hack-Bold.ttf */,
				215A7AFE1CF8DA6E003B9F9B /* DataCell.swift */,
				215A7B001CF9194C003B9F9B /* Theme.swift */,
				215A7B021CF91D07003B9F9B /* BWCell.swift */,
				21DBEA4A1E2C5A2E00C8436B /* Localizable.strings */,
				21F468AD1E2C6133004C56BA /* Strings+Localized.swift */,
				215AB9E31EF3208400555AB4 /* ThemeMode.swift */,
			);
			name = UI;
			sourceTree = "<group>";
		};
		92011ADA1B0D197200611519 = {
			isa = PBXGroup;
			children = (
				92011AE51B0D197200611519 /* Raman */,
				92011AE41B0D197200611519 /* Products */,
				21368BC11EF42EC800DB6096 /* Frameworks */,
			);
			sourceTree = "<group>";
		};
		92011AE41B0D197200611519 /* Products */ = {
			isa = PBXGroup;
			children = (
				92011AE31B0D197200611519 /* Raman.app */,
			);
			name = Products;
			sourceTree = "<group>";
		};
		92011AE51B0D197200611519 /* Raman */ = {
			isa = PBXGroup;
			children = (
				21368BC41EF42EE800DB6096 /* IAP */,
				215A7AFD1CF8D993003B9F9B /* UI */,
				215A7AFC1CF8D94F003B9F9B /* View */,
				215A7AFA1CF8BF9B003B9F9B /* Model */,
				215A7AFB1CF8D91A003B9F9B /* VC */,
				92011AE61B0D197200611519 /* Supporting Files */,
			);
			path = Raman;
			sourceTree = "<group>";
		};
		92011AE61B0D197200611519 /* Supporting Files */ = {
			isa = PBXGroup;
			children = (
				92011AE81B0D197300611519 /* AppDelegate.swift */,
				92011AEF1B0D197300611519 /* Images.xcassets */,
				215A7AF51CF8949F003B9F9B /* Fabric.framework */,
				215A7AF61CF8949F003B9F9B /* Crashlytics.framework */,
				92011AE71B0D197300611519 /* Info.plist */,
			);
			name = "Supporting Files";
			sourceTree = "<group>";
		};
/* End PBXGroup section */

/* Begin PBXNativeTarget section */
		92011AE21B0D197200611519 /* Raman */ = {
			isa = PBXNativeTarget;
			buildConfigurationList = 92011B021B0D197300611519 /* Build configuration list for PBXNativeTarget "Raman" */;
			buildPhases = (
				92011ADF1B0D197200611519 /* Sources */,
				92011AE01B0D197200611519 /* Frameworks */,
				92011AE11B0D197200611519 /* Resources */,
				215A7AF41CF89425003B9F9B /* ShellScript */,
				215A7AF91CF89854003B9F9B /* ShellScript */,
			);
			buildRules = (
			);
			dependencies = (
			);
			name = Raman;
			productName = Raman;
			productReference = 92011AE31B0D197200611519 /* Raman.app */;
			productType = "com.apple.product-type.application";
		};
/* End PBXNativeTarget section */

/* Begin PBXProject section */
		92011ADB1B0D197200611519 /* Project object */ = {
			isa = PBXProject;
			attributes = {
				LastSwiftMigration = 0700;
				LastSwiftUpdateCheck = 0700;
				LastUpgradeCheck = 0820;
				ORGANIZATIONNAME = Hexaedre;
				TargetAttributes = {
					92011AE21B0D197200611519 = {
						CreatedOnToolsVersion = 6.3.2;
						DevelopmentTeam = 7B656Y9UYB;
						LastSwiftMigration = 0900;
						ProvisioningStyle = Automatic;
						SystemCapabilities = {
							com.apple.InAppPurchase = {
								enabled = 1;
							};
						};
					};
				};
			};
			buildConfigurationList = 92011ADE1B0D197200611519 /* Build configuration list for PBXProject "Raman" */;
			compatibilityVersion = "Xcode 3.2";
			developmentRegion = English;
			hasScannedForEncodings = 0;
			knownRegions = (
				en,
				Base,
				fr,
			);
			mainGroup = 92011ADA1B0D197200611519;
			productRefGroup = 92011AE41B0D197200611519 /* Products */;
			projectDirPath = "";
			projectRoot = "";
			targets = (
				92011AE21B0D197200611519 /* Raman */,
			);
		};
/* End PBXProject section */

/* Begin PBXResourcesBuildPhase section */
		92011AE11B0D197200611519 /* Resources */ = {
			isa = PBXResourcesBuildPhase;
			buildActionMask = 2147483647;
			files = (
				21DBEA481E2C5A2E00C8436B /* Localizable.strings in Resources */,
				21DBEA441E2C59E600C8436B /* Main.storyboard in Resources */,
				92011AF31B0D197300611519 /* LaunchScreen.xib in Resources */,
				21B0F0FF1CFA898D008AF124 /* Hack-Bold.ttf in Resources */,
				92011AF01B0D197300611519 /* Images.xcassets in Resources */,
			);
			runOnlyForDeploymentPostprocessing = 0;
		};
/* End PBXResourcesBuildPhase section */

/* Begin PBXShellScriptBuildPhase section */
		215A7AF41CF89425003B9F9B /* ShellScript */ = {
			isa = PBXShellScriptBuildPhase;
			buildActionMask = 2147483647;
			files = (
			);
			inputPaths = (
			);
			outputPaths = (
			);
			runOnlyForDeploymentPostprocessing = 0;
			shellPath = /bin/sh;
			shellScript = "./Fabric.framework/run cdc72a39d95a25993f0d2d67ab5f9589c24bdc22 5a4fa500ad7650104123992d630407d1a6e5b5759571d5d324eb2feb7d94cc49";
		};
		215A7AF91CF89854003B9F9B /* ShellScript */ = {
			isa = PBXShellScriptBuildPhase;
			buildActionMask = 2147483647;
			files = (
			);
			inputPaths = (
			);
			outputPaths = (
			);
			runOnlyForDeploymentPostprocessing = 0;
			shellPath = /bin/sh;
			shellScript = "./Fabric.framework/run cdc72a39d95a25993f0d2d67ab5f9589c24bdc22 5a4fa500ad7650104123992d630407d1a6e5b5759571d5d324eb2feb7d94cc49";
		};
/* End PBXShellScriptBuildPhase section */

/* Begin PBXSourcesBuildPhase section */
		92011ADF1B0D197200611519 /* Sources */ = {
			isa = PBXSourcesBuildPhase;
			buildActionMask = 2147483647;
			files = (
				21F468AE1E2C6133004C56BA /* Strings+Localized.swift in Sources */,
				2170FF131F19507C00CB726A /* CalculatorButton.swift in Sources */,
				215AB9E41EF3208400555AB4 /* ThemeMode.swift in Sources */,
				2115376A1EF59CF90006AC64 /* CalculatorViewController.swift in Sources */,
				92011B091B0D1A1600611519 /* ChangeValueViewController.swift in Sources */,
				214414AA1CB2B3F400A1958D /* BandwidthViewController.swift in Sources */,
				92011B111B0D1B9300611519 /* Raman.swift in Sources */,
				92011B0B1B0D1A3100611519 /* DisplayInfoViewController.swift in Sources */,
				2115376C1EF5BC4F0006AC64 /* Calculator.swift in Sources */,
				21B537BA1EF717AF00744E9A /* TooltipPopoverViewController.swift in Sources */,
				92011B0D1B0D1A4300611519 /* ViewController.swift in Sources */,
				21BD40831E2AA7C30063E788 /* RamanStyleKit.swift in Sources */,
				92011AE91B0D197300611519 /* AppDelegate.swift in Sources */,
				215A7B011CF9194C003B9F9B /* Theme.swift in Sources */,
				218660861EF825C700995D82 /* Memory.swift in Sources */,
				215A7B031CF91D07003B9F9B /* BWCell.swift in Sources */,
				21CF58561F22545800217E04 /* MemoryDisplayTableViewCell.swift in Sources */,
				21368BC81EF45B9400DB6096 /* RamanIAPHelper.swift in Sources */,
				215A7AFF1CF8DA6E003B9F9B /* DataCell.swift in Sources */,
				21368BC61EF42F4300DB6096 /* IAPHelper.swift in Sources */,
				21126B2F1F151D9000CBB8B3 /* ShowMemoryViewController.swift in Sources */,
				214414AC1CB2C0B700A1958D /* Constants.swift in Sources */,
			);
			runOnlyForDeploymentPostprocessing = 0;
		};
/* End PBXSourcesBuildPhase section */

/* Begin PBXVariantGroup section */
		21DBEA461E2C59E600C8436B /* Main.storyboard */ = {
			isa = PBXVariantGroup;
			children = (
				21DBEA4B1E2C5A4C00C8436B /* en */,
				21DBEA4D1E2C5A7900C8436B /* fr */,
			);
			name = Main.storyboard;
			sourceTree = "<group>";
		};
		21DBEA4A1E2C5A2E00C8436B /* Localizable.strings */ = {
			isa = PBXVariantGroup;
			children = (
				21DBEA491E2C5A2E00C8436B /* en */,
				21DBEA4C1E2C5A7900C8436B /* fr */,
			);
			name = Localizable.strings;
			sourceTree = "<group>";
		};
		92011AF11B0D197300611519 /* LaunchScreen.xib */ = {
			isa = PBXVariantGroup;
			children = (
				92011AF21B0D197300611519 /* Base */,
			);
			name = LaunchScreen.xib;
			sourceTree = "<group>";
		};
/* End PBXVariantGroup section */

/* Begin XCBuildConfiguration section */
		92011B001B0D197300611519 /* Debug */ = {
			isa = XCBuildConfiguration;
			buildSettings = {
				ALWAYS_SEARCH_USER_PATHS = NO;
				CLANG_ANALYZER_LOCALIZABILITY_NONLOCALIZED = YES;
				CLANG_CXX_LANGUAGE_STANDARD = "gnu++0x";
				CLANG_CXX_LIBRARY = "libc++";
				CLANG_ENABLE_MODULES = YES;
				CLANG_ENABLE_OBJC_ARC = YES;
				CLANG_WARN_BOOL_CONVERSION = YES;
				CLANG_WARN_CONSTANT_CONVERSION = YES;
				CLANG_WARN_DIRECT_OBJC_ISA_USAGE = YES_ERROR;
				CLANG_WARN_EMPTY_BODY = YES;
				CLANG_WARN_ENUM_CONVERSION = YES;
				CLANG_WARN_INFINITE_RECURSION = YES;
				CLANG_WARN_INT_CONVERSION = YES;
				CLANG_WARN_OBJC_ROOT_CLASS = YES_ERROR;
				CLANG_WARN_SUSPICIOUS_MOVE = YES;
				CLANG_WARN_UNREACHABLE_CODE = YES;
				CLANG_WARN__DUPLICATE_METHOD_MATCH = YES;
				"CODE_SIGN_IDENTITY[sdk=iphoneos*]" = "iPhone Developer";
				COPY_PHASE_STRIP = NO;
				DEBUG_INFORMATION_FORMAT = "dwarf-with-dsym";
				ENABLE_STRICT_OBJC_MSGSEND = YES;
				ENABLE_TESTABILITY = YES;
				GCC_C_LANGUAGE_STANDARD = gnu99;
				GCC_DYNAMIC_NO_PIC = NO;
				GCC_NO_COMMON_BLOCKS = YES;
				GCC_OPTIMIZATION_LEVEL = 0;
				GCC_PREPROCESSOR_DEFINITIONS = (
					"DEBUG=1",
					"$(inherited)",
				);
				GCC_SYMBOLS_PRIVATE_EXTERN = NO;
				GCC_WARN_64_TO_32_BIT_CONVERSION = YES;
				GCC_WARN_ABOUT_RETURN_TYPE = YES_ERROR;
				GCC_WARN_UNDECLARED_SELECTOR = YES;
				GCC_WARN_UNINITIALIZED_AUTOS = YES_AGGRESSIVE;
				GCC_WARN_UNUSED_FUNCTION = YES;
				GCC_WARN_UNUSED_VARIABLE = YES;
				IPHONEOS_DEPLOYMENT_TARGET = 8.3;
				MTL_ENABLE_DEBUG_INFO = YES;
				ONLY_ACTIVE_ARCH = YES;
				SDKROOT = iphoneos;
				SWIFT_OPTIMIZATION_LEVEL = "-Onone";
				TARGETED_DEVICE_FAMILY = "1,2";
			};
			name = Debug;
		};
		92011B011B0D197300611519 /* Release */ = {
			isa = XCBuildConfiguration;
			buildSettings = {
				ALWAYS_SEARCH_USER_PATHS = NO;
				CLANG_ANALYZER_LOCALIZABILITY_NONLOCALIZED = YES;
				CLANG_CXX_LANGUAGE_STANDARD = "gnu++0x";
				CLANG_CXX_LIBRARY = "libc++";
				CLANG_ENABLE_MODULES = YES;
				CLANG_ENABLE_OBJC_ARC = YES;
				CLANG_WARN_BOOL_CONVERSION = YES;
				CLANG_WARN_CONSTANT_CONVERSION = YES;
				CLANG_WARN_DIRECT_OBJC_ISA_USAGE = YES_ERROR;
				CLANG_WARN_EMPTY_BODY = YES;
				CLANG_WARN_ENUM_CONVERSION = YES;
				CLANG_WARN_INFINITE_RECURSION = YES;
				CLANG_WARN_INT_CONVERSION = YES;
				CLANG_WARN_OBJC_ROOT_CLASS = YES_ERROR;
				CLANG_WARN_SUSPICIOUS_MOVE = YES;
				CLANG_WARN_UNREACHABLE_CODE = YES;
				CLANG_WARN__DUPLICATE_METHOD_MATCH = YES;
				"CODE_SIGN_IDENTITY[sdk=iphoneos*]" = "iPhone Developer";
				COPY_PHASE_STRIP = NO;
				DEBUG_INFORMATION_FORMAT = "dwarf-with-dsym";
				ENABLE_NS_ASSERTIONS = NO;
				ENABLE_STRICT_OBJC_MSGSEND = YES;
				GCC_C_LANGUAGE_STANDARD = gnu99;
				GCC_NO_COMMON_BLOCKS = YES;
				GCC_WARN_64_TO_32_BIT_CONVERSION = YES;
				GCC_WARN_ABOUT_RETURN_TYPE = YES_ERROR;
				GCC_WARN_UNDECLARED_SELECTOR = YES;
				GCC_WARN_UNINITIALIZED_AUTOS = YES_AGGRESSIVE;
				GCC_WARN_UNUSED_FUNCTION = YES;
				GCC_WARN_UNUSED_VARIABLE = YES;
				IPHONEOS_DEPLOYMENT_TARGET = 8.3;
				MTL_ENABLE_DEBUG_INFO = NO;
				SDKROOT = iphoneos;
				SWIFT_OPTIMIZATION_LEVEL = "-Owholemodule";
				TARGETED_DEVICE_FAMILY = "1,2";
				VALIDATE_PRODUCT = YES;
			};
			name = Release;
		};
		92011B031B0D197300611519 /* Debug */ = {
			isa = XCBuildConfiguration;
			buildSettings = {
				ASSETCATALOG_COMPILER_APPICON_NAME = AppIcon;
				CODE_SIGN_IDENTITY = "iPhone Developer";
				"CODE_SIGN_IDENTITY[sdk=iphoneos*]" = "iPhone Developer";
				FRAMEWORK_SEARCH_PATHS = (
					"$(inherited)",
					"$(PROJECT_DIR)",
				);
				INFOPLIST_FILE = Raman/Info.plist;
				IPHONEOS_DEPLOYMENT_TARGET = 9.0;
				LD_RUNPATH_SEARCH_PATHS = "$(inherited) @executable_path/Frameworks";
				PRODUCT_BUNDLE_IDENTIFIER = "com.hexaedre.$(PRODUCT_NAME:rfc1034identifier)";
				PRODUCT_NAME = "$(TARGET_NAME)";
				PROVISIONING_PROFILE = "";
				SWIFT_VERSION = 4.0;
			};
			name = Debug;
		};
		92011B041B0D197300611519 /* Release */ = {
			isa = XCBuildConfiguration;
			buildSettings = {
				ASSETCATALOG_COMPILER_APPICON_NAME = AppIcon;
				CODE_SIGN_IDENTITY = "iPhone Distribution: Denis Ricard (7B656Y9UYB)";
				"CODE_SIGN_IDENTITY[sdk=iphoneos*]" = "iPhone Developer";
				FRAMEWORK_SEARCH_PATHS = (
					"$(inherited)",
					"$(PROJECT_DIR)",
				);
				INFOPLIST_FILE = Raman/Info.plist;
				IPHONEOS_DEPLOYMENT_TARGET = 9.0;
				LD_RUNPATH_SEARCH_PATHS = "$(inherited) @executable_path/Frameworks";
				PRODUCT_BUNDLE_IDENTIFIER = "com.hexaedre.$(PRODUCT_NAME:rfc1034identifier)";
				PRODUCT_NAME = "$(TARGET_NAME)";
				PROVISIONING_PROFILE = "";
				SWIFT_VERSION = 4.0;
			};
			name = Release;
		};
/* End XCBuildConfiguration section */

/* Begin XCConfigurationList section */
		92011ADE1B0D197200611519 /* Build configuration list for PBXProject "Raman" */ = {
			isa = XCConfigurationList;
			buildConfigurations = (
				92011B001B0D197300611519 /* Debug */,
				92011B011B0D197300611519 /* Release */,
			);
			defaultConfigurationIsVisible = 0;
			defaultConfigurationName = Release;
		};
		92011B021B0D197300611519 /* Build configuration list for PBXNativeTarget "Raman" */ = {
			isa = XCConfigurationList;
			buildConfigurations = (
				92011B031B0D197300611519 /* Debug */,
				92011B041B0D197300611519 /* Release */,
			);
			defaultConfigurationIsVisible = 0;
			defaultConfigurationName = Release;
		};
/* End XCConfigurationList section */
	};
	rootObject = 92011ADB1B0D197200611519 /* Project object */;
}
